// !$*UTF8*$!
{
	archiveVersion = 1;
	classes = {
	};
	objectVersion = 56;
	objects = {

/* Begin PBXBuildFile section */
		501EB9D72BD6C500000F5928 /* WorldOfPAYBACKApp.swift in Sources */ = {isa = PBXBuildFile; fileRef = 501EB9D62BD6C500000F5928 /* WorldOfPAYBACKApp.swift */; };
		501EB9D92BD6C500000F5928 /* MainView.swift in Sources */ = {isa = PBXBuildFile; fileRef = 501EB9D82BD6C500000F5928 /* MainView.swift */; };
		501EB9DB2BD6C502000F5928 /* Assets.xcassets in Resources */ = {isa = PBXBuildFile; fileRef = 501EB9DA2BD6C502000F5928 /* Assets.xcassets */; };
		501EB9E62BD6E786000F5928 /* TransactionList.swift in Sources */ = {isa = PBXBuildFile; fileRef = 501EB9E52BD6E786000F5928 /* TransactionList.swift */; };
		501EB9E82BD6E7BB000F5928 /* TransactionItem.swift in Sources */ = {isa = PBXBuildFile; fileRef = 501EB9E72BD6E7BB000F5928 /* TransactionItem.swift */; };
		501EB9EB2BD6E93B000F5928 /* Date+Format.swift in Sources */ = {isa = PBXBuildFile; fileRef = 501EB9EA2BD6E93B000F5928 /* Date+Format.swift */; };
		501EB9EE2BD6EFDD000F5928 /* TransactionsService.swift in Sources */ = {isa = PBXBuildFile; fileRef = 501EB9ED2BD6EFDD000F5928 /* TransactionsService.swift */; };
		501EB9F02BD6F02C000F5928 /* NetworkEnvironment.swift in Sources */ = {isa = PBXBuildFile; fileRef = 501EB9EF2BD6F02C000F5928 /* NetworkEnvironment.swift */; };
		501EBA132BD6FB88000F5928 /* TransactionsServiceTests.swift in Sources */ = {isa = PBXBuildFile; fileRef = 501EBA122BD6FB88000F5928 /* TransactionsServiceTests.swift */; };
		501EBA1C2BD723B6000F5928 /* TransactionListView.swift in Sources */ = {isa = PBXBuildFile; fileRef = 501EBA1B2BD723B6000F5928 /* TransactionListView.swift */; };
		501EBA292BD73BC1000F5928 /* Settings.swift in Sources */ = {isa = PBXBuildFile; fileRef = 501EBA282BD73BC1000F5928 /* Settings.swift */; };
		501EBA2B2BD73BF7000F5928 /* EnvironmentView.swift in Sources */ = {isa = PBXBuildFile; fileRef = 501EBA2A2BD73BF7000F5928 /* EnvironmentView.swift */; };
		501EBA2D2BD73C41000F5928 /* SettingsView.swift in Sources */ = {isa = PBXBuildFile; fileRef = 501EBA2C2BD73C41000F5928 /* SettingsView.swift */; };
		501EBA2F2BD73E16000F5928 /* Localizable.xcstrings in Resources */ = {isa = PBXBuildFile; fileRef = 501EBA2E2BD73E16000F5928 /* Localizable.xcstrings */; };
		501EBA312BD74385000F5928 /* PBTransactions.json in Resources */ = {isa = PBXBuildFile; fileRef = 501EBA302BD74385000F5928 /* PBTransactions.json */; };
		501EBA322BD74385000F5928 /* PBTransactions.json in Resources */ = {isa = PBXBuildFile; fileRef = 501EBA302BD74385000F5928 /* PBTransactions.json */; };
		501EBA342BD743F7000F5928 /* TransactionListViewModel.swift in Sources */ = {isa = PBXBuildFile; fileRef = 501EBA332BD743F7000F5928 /* TransactionListViewModel.swift */; };
		501EBA362BD745A3000F5928 /* TransactionCellView.swift in Sources */ = {isa = PBXBuildFile; fileRef = 501EBA352BD745A3000F5928 /* TransactionCellView.swift */; };
		501EBA382BD74B95000F5928 /* TransactionsHeaderView.swift in Sources */ = {isa = PBXBuildFile; fileRef = 501EBA372BD74B95000F5928 /* TransactionsHeaderView.swift */; };
		501EBA3A2BD7DF1C000F5928 /* Category.swift in Sources */ = {isa = PBXBuildFile; fileRef = 501EBA392BD7DF1C000F5928 /* Category.swift */; };
		501EBA3C2BD7E3CA000F5928 /* FailureView.swift in Sources */ = {isa = PBXBuildFile; fileRef = 501EBA3B2BD7E3CA000F5928 /* FailureView.swift */; };
		501EBA3E2BD7FDEB000F5928 /* TransactionDetailsViewModel.swift in Sources */ = {isa = PBXBuildFile; fileRef = 501EBA3D2BD7FDEB000F5928 /* TransactionDetailsViewModel.swift */; };
		501EBA402BD7FE56000F5928 /* TransactionDetailsView.swift in Sources */ = {isa = PBXBuildFile; fileRef = 501EBA3F2BD7FE56000F5928 /* TransactionDetailsView.swift */; };
		504141E92BD82D1300E1DDFF /* FilterView.swift in Sources */ = {isa = PBXBuildFile; fileRef = 504141E82BD82D1300E1DDFF /* FilterView.swift */; };
		504141EB2BD8497900E1DDFF /* TransactionListViewModelTests.swift in Sources */ = {isa = PBXBuildFile; fileRef = 504141EA2BD8497900E1DDFF /* TransactionListViewModelTests.swift */; };
		504141ED2BD849E700E1DDFF /* TransactionsServiceMock.swift in Sources */ = {isa = PBXBuildFile; fileRef = 504141EC2BD849E700E1DDFF /* TransactionsServiceMock.swift */; };
/* End PBXBuildFile section */

/* Begin PBXContainerItemProxy section */
		501EBA142BD6FB88000F5928 /* PBXContainerItemProxy */ = {
			isa = PBXContainerItemProxy;
			containerPortal = 501EB9CB2BD6C500000F5928 /* Project object */;
			proxyType = 1;
			remoteGlobalIDString = 501EB9D22BD6C500000F5928;
			remoteInfo = WorldOfPAYBACK;
		};
/* End PBXContainerItemProxy section */

/* Begin PBXFileReference section */
		501EB9D32BD6C500000F5928 /* WorldOfPAYBACK.app */ = {isa = PBXFileReference; explicitFileType = wrapper.application; includeInIndex = 0; path = WorldOfPAYBACK.app; sourceTree = BUILT_PRODUCTS_DIR; };
		501EB9D62BD6C500000F5928 /* WorldOfPAYBACKApp.swift */ = {isa = PBXFileReference; lastKnownFileType = sourcecode.swift; path = WorldOfPAYBACKApp.swift; sourceTree = "<group>"; };
		501EB9D82BD6C500000F5928 /* MainView.swift */ = {isa = PBXFileReference; lastKnownFileType = sourcecode.swift; path = MainView.swift; sourceTree = "<group>"; };
		501EB9DA2BD6C502000F5928 /* Assets.xcassets */ = {isa = PBXFileReference; lastKnownFileType = folder.assetcatalog; path = Assets.xcassets; sourceTree = "<group>"; };
		501EB9E52BD6E786000F5928 /* TransactionList.swift */ = {isa = PBXFileReference; lastKnownFileType = sourcecode.swift; path = TransactionList.swift; sourceTree = "<group>"; };
		501EB9E72BD6E7BB000F5928 /* TransactionItem.swift */ = {isa = PBXFileReference; lastKnownFileType = sourcecode.swift; path = TransactionItem.swift; sourceTree = "<group>"; };
		501EB9EA2BD6E93B000F5928 /* Date+Format.swift */ = {isa = PBXFileReference; lastKnownFileType = sourcecode.swift; path = "Date+Format.swift"; sourceTree = "<group>"; };
		501EB9ED2BD6EFDD000F5928 /* TransactionsService.swift */ = {isa = PBXFileReference; lastKnownFileType = sourcecode.swift; path = TransactionsService.swift; sourceTree = "<group>"; };
		501EB9EF2BD6F02C000F5928 /* NetworkEnvironment.swift */ = {isa = PBXFileReference; lastKnownFileType = sourcecode.swift; path = NetworkEnvironment.swift; sourceTree = "<group>"; };
		501EB9F12BD6F7CC000F5928 /* Info.plist */ = {isa = PBXFileReference; lastKnownFileType = text.plist; path = Info.plist; sourceTree = "<group>"; };
		501EBA102BD6FB88000F5928 /* WorldOfPAYBACKTests.xctest */ = {isa = PBXFileReference; explicitFileType = wrapper.cfbundle; includeInIndex = 0; path = WorldOfPAYBACKTests.xctest; sourceTree = BUILT_PRODUCTS_DIR; };
		501EBA122BD6FB88000F5928 /* TransactionsServiceTests.swift */ = {isa = PBXFileReference; lastKnownFileType = sourcecode.swift; path = TransactionsServiceTests.swift; sourceTree = "<group>"; };
		501EBA1B2BD723B6000F5928 /* TransactionListView.swift */ = {isa = PBXFileReference; lastKnownFileType = sourcecode.swift; path = TransactionListView.swift; sourceTree = "<group>"; };
		501EBA282BD73BC1000F5928 /* Settings.swift */ = {isa = PBXFileReference; lastKnownFileType = sourcecode.swift; path = Settings.swift; sourceTree = "<group>"; };
		501EBA2A2BD73BF7000F5928 /* EnvironmentView.swift */ = {isa = PBXFileReference; lastKnownFileType = sourcecode.swift; path = EnvironmentView.swift; sourceTree = "<group>"; };
		501EBA2C2BD73C41000F5928 /* SettingsView.swift */ = {isa = PBXFileReference; lastKnownFileType = sourcecode.swift; path = SettingsView.swift; sourceTree = "<group>"; };
		501EBA2E2BD73E16000F5928 /* Localizable.xcstrings */ = {isa = PBXFileReference; lastKnownFileType = text.json.xcstrings; path = Localizable.xcstrings; sourceTree = "<group>"; };
		501EBA302BD74385000F5928 /* PBTransactions.json */ = {isa = PBXFileReference; lastKnownFileType = text.json; path = PBTransactions.json; sourceTree = "<group>"; };
		501EBA332BD743F7000F5928 /* TransactionListViewModel.swift */ = {isa = PBXFileReference; lastKnownFileType = sourcecode.swift; path = TransactionListViewModel.swift; sourceTree = "<group>"; };
		501EBA352BD745A3000F5928 /* TransactionCellView.swift */ = {isa = PBXFileReference; lastKnownFileType = sourcecode.swift; path = TransactionCellView.swift; sourceTree = "<group>"; };
		501EBA372BD74B95000F5928 /* TransactionsHeaderView.swift */ = {isa = PBXFileReference; lastKnownFileType = sourcecode.swift; path = TransactionsHeaderView.swift; sourceTree = "<group>"; };
		501EBA392BD7DF1C000F5928 /* Category.swift */ = {isa = PBXFileReference; lastKnownFileType = sourcecode.swift; path = Category.swift; sourceTree = "<group>"; };
		501EBA3B2BD7E3CA000F5928 /* FailureView.swift */ = {isa = PBXFileReference; lastKnownFileType = sourcecode.swift; path = FailureView.swift; sourceTree = "<group>"; };
		501EBA3D2BD7FDEB000F5928 /* TransactionDetailsViewModel.swift */ = {isa = PBXFileReference; lastKnownFileType = sourcecode.swift; path = TransactionDetailsViewModel.swift; sourceTree = "<group>"; };
		501EBA3F2BD7FE56000F5928 /* TransactionDetailsView.swift */ = {isa = PBXFileReference; lastKnownFileType = sourcecode.swift; path = TransactionDetailsView.swift; sourceTree = "<group>"; };
		504141E82BD82D1300E1DDFF /* FilterView.swift */ = {isa = PBXFileReference; lastKnownFileType = sourcecode.swift; path = FilterView.swift; sourceTree = "<group>"; };
		504141EA2BD8497900E1DDFF /* TransactionListViewModelTests.swift */ = {isa = PBXFileReference; lastKnownFileType = sourcecode.swift; path = TransactionListViewModelTests.swift; sourceTree = "<group>"; };
		504141EC2BD849E700E1DDFF /* TransactionsServiceMock.swift */ = {isa = PBXFileReference; lastKnownFileType = sourcecode.swift; path = TransactionsServiceMock.swift; sourceTree = "<group>"; };
/* End PBXFileReference section */

/* Begin PBXFrameworksBuildPhase section */
		501EB9D02BD6C500000F5928 /* Frameworks */ = {
			isa = PBXFrameworksBuildPhase;
			buildActionMask = 2147483647;
			files = (
			);
			runOnlyForDeploymentPostprocessing = 0;
		};
		501EBA0D2BD6FB88000F5928 /* Frameworks */ = {
			isa = PBXFrameworksBuildPhase;
			buildActionMask = 2147483647;
			files = (
			);
			runOnlyForDeploymentPostprocessing = 0;
		};
/* End PBXFrameworksBuildPhase section */

/* Begin PBXGroup section */
		501EB9CA2BD6C500000F5928 = {
			isa = PBXGroup;
			children = (
				501EB9D52BD6C500000F5928 /* WorldOfPAYBACK */,
				501EBA112BD6FB88000F5928 /* WorldOfPAYBACKTests */,
				501EB9D42BD6C500000F5928 /* Products */,
			);
			sourceTree = "<group>";
		};
		501EB9D42BD6C500000F5928 /* Products */ = {
			isa = PBXGroup;
			children = (
				501EB9D32BD6C500000F5928 /* WorldOfPAYBACK.app */,
				501EBA102BD6FB88000F5928 /* WorldOfPAYBACKTests.xctest */,
			);
			name = Products;
			sourceTree = "<group>";
		};
		501EB9D52BD6C500000F5928 /* WorldOfPAYBACK */ = {
			isa = PBXGroup;
			children = (
				501EB9F12BD6F7CC000F5928 /* Info.plist */,
				501EB9D62BD6C500000F5928 /* WorldOfPAYBACKApp.swift */,
				501EB9E92BD6E8E4000F5928 /* Extensions */,
				501EB9E42BD6DD71000F5928 /* Model */,
				501EB9EC2BD6EF9C000F5928 /* Service */,
				501EBA192BD718D8000F5928 /* View */,
				501EBA272BD73BA3000F5928 /* Observables */,
				501EBA1A2BD71B11000F5928 /* Resources */,
			);
			path = WorldOfPAYBACK;
			sourceTree = "<group>";
		};
		501EB9E42BD6DD71000F5928 /* Model */ = {
			isa = PBXGroup;
			children = (
				501EB9E52BD6E786000F5928 /* TransactionList.swift */,
				501EB9E72BD6E7BB000F5928 /* TransactionItem.swift */,
				501EBA392BD7DF1C000F5928 /* Category.swift */,
			);
			path = Model;
			sourceTree = "<group>";
		};
		501EB9E92BD6E8E4000F5928 /* Extensions */ = {
			isa = PBXGroup;
			children = (
				501EB9EA2BD6E93B000F5928 /* Date+Format.swift */,
			);
			path = Extensions;
			sourceTree = "<group>";
		};
		501EB9EC2BD6EF9C000F5928 /* Service */ = {
			isa = PBXGroup;
			children = (
				501EB9ED2BD6EFDD000F5928 /* TransactionsService.swift */,
				501EB9EF2BD6F02C000F5928 /* NetworkEnvironment.swift */,
			);
			path = Service;
			sourceTree = "<group>";
		};
		501EBA112BD6FB88000F5928 /* WorldOfPAYBACKTests */ = {
			isa = PBXGroup;
			children = (
				501EBA122BD6FB88000F5928 /* TransactionsServiceTests.swift */,
				504141EA2BD8497900E1DDFF /* TransactionListViewModelTests.swift */,
				504141EC2BD849E700E1DDFF /* TransactionsServiceMock.swift */,
			);
			path = WorldOfPAYBACKTests;
			sourceTree = "<group>";
		};
		501EBA192BD718D8000F5928 /* View */ = {
			isa = PBXGroup;
			children = (
				501EB9D82BD6C500000F5928 /* MainView.swift */,
				501EBA1F2BD72467000F5928 /* Transactions */,
				501EBA202BD7247B000F5928 /* SettingsView */,
				501EBA432BD81A12000F5928 /* FailureView */,
				504141E72BD82CEE00E1DDFF /* FilterView */,
			);
			path = View;
			sourceTree = "<group>";
		};
		501EBA1A2BD71B11000F5928 /* Resources */ = {
			isa = PBXGroup;
			children = (
				501EB9DA2BD6C502000F5928 /* Assets.xcassets */,
				501EBA2E2BD73E16000F5928 /* Localizable.xcstrings */,
				501EBA302BD74385000F5928 /* PBTransactions.json */,
			);
			path = Resources;
			sourceTree = "<group>";
		};
		501EBA1F2BD72467000F5928 /* Transactions */ = {
			isa = PBXGroup;
			children = (
				501EBA1B2BD723B6000F5928 /* TransactionListView.swift */,
				501EBA332BD743F7000F5928 /* TransactionListViewModel.swift */,
				501EBA422BD81757000F5928 /* CellView */,
				501EBA412BD816AE000F5928 /* DetailView */,
				501EBA442BD81A5D000F5928 /* HeaderView */,
			);
			path = Transactions;
			sourceTree = "<group>";
		};
		501EBA202BD7247B000F5928 /* SettingsView */ = {
			isa = PBXGroup;
			children = (
				501EBA2A2BD73BF7000F5928 /* EnvironmentView.swift */,
				501EBA2C2BD73C41000F5928 /* SettingsView.swift */,
			);
			path = SettingsView;
			sourceTree = "<group>";
		};
		501EBA272BD73BA3000F5928 /* Observables */ = {
			isa = PBXGroup;
			children = (
				501EBA282BD73BC1000F5928 /* Settings.swift */,
			);
			path = Observables;
			sourceTree = "<group>";
		};
		501EBA412BD816AE000F5928 /* DetailView */ = {
			isa = PBXGroup;
			children = (
				501EBA3F2BD7FE56000F5928 /* TransactionDetailsView.swift */,
				501EBA3D2BD7FDEB000F5928 /* TransactionDetailsViewModel.swift */,
			);
			path = DetailView;
			sourceTree = "<group>";
		};
		501EBA422BD81757000F5928 /* CellView */ = {
			isa = PBXGroup;
			children = (
				501EBA352BD745A3000F5928 /* TransactionCellView.swift */,
			);
			path = CellView;
			sourceTree = "<group>";
		};
		501EBA432BD81A12000F5928 /* FailureView */ = {
			isa = PBXGroup;
			children = (
				501EBA3B2BD7E3CA000F5928 /* FailureView.swift */,
			);
			path = FailureView;
			sourceTree = "<group>";
		};
		501EBA442BD81A5D000F5928 /* HeaderView */ = {
			isa = PBXGroup;
			children = (
				501EBA372BD74B95000F5928 /* TransactionsHeaderView.swift */,
			);
			path = HeaderView;
			sourceTree = "<group>";
		};
		504141E72BD82CEE00E1DDFF /* FilterView */ = {
			isa = PBXGroup;
			children = (
				504141E82BD82D1300E1DDFF /* FilterView.swift */,
			);
			path = FilterView;
			sourceTree = "<group>";
		};
/* End PBXGroup section */

/* Begin PBXNativeTarget section */
		501EB9D22BD6C500000F5928 /* WorldOfPAYBACK */ = {
			isa = PBXNativeTarget;
			buildConfigurationList = 501EB9E12BD6C502000F5928 /* Build configuration list for PBXNativeTarget "WorldOfPAYBACK" */;
			buildPhases = (
				501EB9CF2BD6C500000F5928 /* Sources */,
				501EB9D02BD6C500000F5928 /* Frameworks */,
				501EB9D12BD6C500000F5928 /* Resources */,
			);
			buildRules = (
			);
			dependencies = (
			);
			name = WorldOfPAYBACK;
			productName = WorldOfPAYBACK;
			productReference = 501EB9D32BD6C500000F5928 /* WorldOfPAYBACK.app */;
			productType = "com.apple.product-type.application";
		};
		501EBA0F2BD6FB88000F5928 /* WorldOfPAYBACKTests */ = {
			isa = PBXNativeTarget;
			buildConfigurationList = 501EBA162BD6FB88000F5928 /* Build configuration list for PBXNativeTarget "WorldOfPAYBACKTests" */;
			buildPhases = (
				501EBA0C2BD6FB88000F5928 /* Sources */,
				501EBA0D2BD6FB88000F5928 /* Frameworks */,
				501EBA0E2BD6FB88000F5928 /* Resources */,
			);
			buildRules = (
			);
			dependencies = (
				501EBA152BD6FB88000F5928 /* PBXTargetDependency */,
			);
			name = WorldOfPAYBACKTests;
			productName = WorldOfPAYBACKTests;
			productReference = 501EBA102BD6FB88000F5928 /* WorldOfPAYBACKTests.xctest */;
			productType = "com.apple.product-type.bundle.unit-test";
		};
/* End PBXNativeTarget section */

/* Begin PBXProject section */
		501EB9CB2BD6C500000F5928 /* Project object */ = {
			isa = PBXProject;
			attributes = {
				BuildIndependentTargetsInParallel = 1;
				LastSwiftUpdateCheck = 1530;
				LastUpgradeCheck = 1530;
				TargetAttributes = {
					501EB9D22BD6C500000F5928 = {
						CreatedOnToolsVersion = 15.3;
					};
					501EBA0F2BD6FB88000F5928 = {
						CreatedOnToolsVersion = 15.3;
						TestTargetID = 501EB9D22BD6C500000F5928;
					};
				};
			};
			buildConfigurationList = 501EB9CE2BD6C500000F5928 /* Build configuration list for PBXProject "WorldOfPAYBACK" */;
			compatibilityVersion = "Xcode 14.0";
			developmentRegion = en;
			hasScannedForEncodings = 0;
			knownRegions = (
				en,
				Base,
				de,
				fr,
			);
			mainGroup = 501EB9CA2BD6C500000F5928;
			productRefGroup = 501EB9D42BD6C500000F5928 /* Products */;
			projectDirPath = "";
			projectRoot = "";
			targets = (
				501EB9D22BD6C500000F5928 /* WorldOfPAYBACK */,
				501EBA0F2BD6FB88000F5928 /* WorldOfPAYBACKTests */,
			);
		};
/* End PBXProject section */

/* Begin PBXResourcesBuildPhase section */
		501EB9D12BD6C500000F5928 /* Resources */ = {
			isa = PBXResourcesBuildPhase;
			buildActionMask = 2147483647;
			files = (
				501EBA2F2BD73E16000F5928 /* Localizable.xcstrings in Resources */,
				501EBA312BD74385000F5928 /* PBTransactions.json in Resources */,
				501EB9DB2BD6C502000F5928 /* Assets.xcassets in Resources */,
			);
			runOnlyForDeploymentPostprocessing = 0;
		};
		501EBA0E2BD6FB88000F5928 /* Resources */ = {
			isa = PBXResourcesBuildPhase;
			buildActionMask = 2147483647;
			files = (
				501EBA322BD74385000F5928 /* PBTransactions.json in Resources */,
			);
			runOnlyForDeploymentPostprocessing = 0;
		};
/* End PBXResourcesBuildPhase section */

/* Begin PBXSourcesBuildPhase section */
		501EB9CF2BD6C500000F5928 /* Sources */ = {
			isa = PBXSourcesBuildPhase;
			buildActionMask = 2147483647;
			files = (
				501EB9D92BD6C500000F5928 /* MainView.swift in Sources */,
				501EBA1C2BD723B6000F5928 /* TransactionListView.swift in Sources */,
				501EBA382BD74B95000F5928 /* TransactionsHeaderView.swift in Sources */,
				501EBA362BD745A3000F5928 /* TransactionCellView.swift in Sources */,
				501EB9EB2BD6E93B000F5928 /* Date+Format.swift in Sources */,
				501EBA3E2BD7FDEB000F5928 /* TransactionDetailsViewModel.swift in Sources */,
				501EBA292BD73BC1000F5928 /* Settings.swift in Sources */,
				501EBA2B2BD73BF7000F5928 /* EnvironmentView.swift in Sources */,
				501EB9E82BD6E7BB000F5928 /* TransactionItem.swift in Sources */,
				501EB9F02BD6F02C000F5928 /* NetworkEnvironment.swift in Sources */,
				501EBA342BD743F7000F5928 /* TransactionListViewModel.swift in Sources */,
				501EB9E62BD6E786000F5928 /* TransactionList.swift in Sources */,
				501EBA402BD7FE56000F5928 /* TransactionDetailsView.swift in Sources */,
				501EBA3A2BD7DF1C000F5928 /* Category.swift in Sources */,
				501EB9EE2BD6EFDD000F5928 /* TransactionsService.swift in Sources */,
				501EB9D72BD6C500000F5928 /* WorldOfPAYBACKApp.swift in Sources */,
				504141E92BD82D1300E1DDFF /* FilterView.swift in Sources */,
				501EBA2D2BD73C41000F5928 /* SettingsView.swift in Sources */,
				501EBA3C2BD7E3CA000F5928 /* FailureView.swift in Sources */,
			);
			runOnlyForDeploymentPostprocessing = 0;
		};
		501EBA0C2BD6FB88000F5928 /* Sources */ = {
			isa = PBXSourcesBuildPhase;
			buildActionMask = 2147483647;
			files = (
				501EBA132BD6FB88000F5928 /* TransactionsServiceTests.swift in Sources */,
				504141ED2BD849E700E1DDFF /* TransactionsServiceMock.swift in Sources */,
				504141EB2BD8497900E1DDFF /* TransactionListViewModelTests.swift in Sources */,
			);
			runOnlyForDeploymentPostprocessing = 0;
		};
/* End PBXSourcesBuildPhase section */

/* Begin PBXTargetDependency section */
		501EBA152BD6FB88000F5928 /* PBXTargetDependency */ = {
			isa = PBXTargetDependency;
			target = 501EB9D22BD6C500000F5928 /* WorldOfPAYBACK */;
			targetProxy = 501EBA142BD6FB88000F5928 /* PBXContainerItemProxy */;
		};
/* End PBXTargetDependency section */

/* Begin XCBuildConfiguration section */
		501EB9DF2BD6C502000F5928 /* Debug */ = {
			isa = XCBuildConfiguration;
			buildSettings = {
				ALWAYS_SEARCH_USER_PATHS = NO;
				ASSETCATALOG_COMPILER_GENERATE_SWIFT_ASSET_SYMBOL_EXTENSIONS = YES;
				CLANG_ANALYZER_NONNULL = YES;
				CLANG_ANALYZER_NUMBER_OBJECT_CONVERSION = YES_AGGRESSIVE;
				CLANG_CXX_LANGUAGE_STANDARD = "gnu++20";
				CLANG_ENABLE_MODULES = YES;
				CLANG_ENABLE_OBJC_ARC = YES;
				CLANG_ENABLE_OBJC_WEAK = YES;
				CLANG_WARN_BLOCK_CAPTURE_AUTORELEASING = YES;
				CLANG_WARN_BOOL_CONVERSION = YES;
				CLANG_WARN_COMMA = YES;
				CLANG_WARN_CONSTANT_CONVERSION = YES;
				CLANG_WARN_DEPRECATED_OBJC_IMPLEMENTATIONS = YES;
				CLANG_WARN_DIRECT_OBJC_ISA_USAGE = YES_ERROR;
				CLANG_WARN_DOCUMENTATION_COMMENTS = YES;
				CLANG_WARN_EMPTY_BODY = YES;
				CLANG_WARN_ENUM_CONVERSION = YES;
				CLANG_WARN_INFINITE_RECURSION = YES;
				CLANG_WARN_INT_CONVERSION = YES;
				CLANG_WARN_NON_LITERAL_NULL_CONVERSION = YES;
				CLANG_WARN_OBJC_IMPLICIT_RETAIN_SELF = YES;
				CLANG_WARN_OBJC_LITERAL_CONVERSION = YES;
				CLANG_WARN_OBJC_ROOT_CLASS = YES_ERROR;
				CLANG_WARN_QUOTED_INCLUDE_IN_FRAMEWORK_HEADER = YES;
				CLANG_WARN_RANGE_LOOP_ANALYSIS = YES;
				CLANG_WARN_STRICT_PROTOTYPES = YES;
				CLANG_WARN_SUSPICIOUS_MOVE = YES;
				CLANG_WARN_UNGUARDED_AVAILABILITY = YES_AGGRESSIVE;
				CLANG_WARN_UNREACHABLE_CODE = YES;
				CLANG_WARN__DUPLICATE_METHOD_MATCH = YES;
				COPY_PHASE_STRIP = NO;
				DEBUG_INFORMATION_FORMAT = dwarf;
				ENABLE_STRICT_OBJC_MSGSEND = YES;
				ENABLE_TESTABILITY = YES;
				ENABLE_USER_SCRIPT_SANDBOXING = YES;
				GCC_C_LANGUAGE_STANDARD = gnu17;
				GCC_DYNAMIC_NO_PIC = NO;
				GCC_NO_COMMON_BLOCKS = YES;
				GCC_OPTIMIZATION_LEVEL = 0;
				GCC_PREPROCESSOR_DEFINITIONS = (
					"DEBUG=1",
					"$(inherited)",
				);
				GCC_WARN_64_TO_32_BIT_CONVERSION = YES;
				GCC_WARN_ABOUT_RETURN_TYPE = YES_ERROR;
				GCC_WARN_UNDECLARED_SELECTOR = YES;
				GCC_WARN_UNINITIALIZED_AUTOS = YES_AGGRESSIVE;
				GCC_WARN_UNUSED_FUNCTION = YES;
				GCC_WARN_UNUSED_VARIABLE = YES;
				IPHONEOS_DEPLOYMENT_TARGET = 17.4;
				LOCALIZATION_PREFERS_STRING_CATALOGS = YES;
				MTL_ENABLE_DEBUG_INFO = INCLUDE_SOURCE;
				MTL_FAST_MATH = YES;
				ONLY_ACTIVE_ARCH = YES;
				SDKROOT = iphoneos;
				SWIFT_ACTIVE_COMPILATION_CONDITIONS = "DEBUG $(inherited)";
				SWIFT_OPTIMIZATION_LEVEL = "-Onone";
			};
			name = Debug;
		};
		501EB9E02BD6C502000F5928 /* Release */ = {
			isa = XCBuildConfiguration;
			buildSettings = {
				ALWAYS_SEARCH_USER_PATHS = NO;
				ASSETCATALOG_COMPILER_GENERATE_SWIFT_ASSET_SYMBOL_EXTENSIONS = YES;
				CLANG_ANALYZER_NONNULL = YES;
				CLANG_ANALYZER_NUMBER_OBJECT_CONVERSION = YES_AGGRESSIVE;
				CLANG_CXX_LANGUAGE_STANDARD = "gnu++20";
				CLANG_ENABLE_MODULES = YES;
				CLANG_ENABLE_OBJC_ARC = YES;
				CLANG_ENABLE_OBJC_WEAK = YES;
				CLANG_WARN_BLOCK_CAPTURE_AUTORELEASING = YES;
				CLANG_WARN_BOOL_CONVERSION = YES;
				CLANG_WARN_COMMA = YES;
				CLANG_WARN_CONSTANT_CONVERSION = YES;
				CLANG_WARN_DEPRECATED_OBJC_IMPLEMENTATIONS = YES;
				CLANG_WARN_DIRECT_OBJC_ISA_USAGE = YES_ERROR;
				CLANG_WARN_DOCUMENTATION_COMMENTS = YES;
				CLANG_WARN_EMPTY_BODY = YES;
				CLANG_WARN_ENUM_CONVERSION = YES;
				CLANG_WARN_INFINITE_RECURSION = YES;
				CLANG_WARN_INT_CONVERSION = YES;
				CLANG_WARN_NON_LITERAL_NULL_CONVERSION = YES;
				CLANG_WARN_OBJC_IMPLICIT_RETAIN_SELF = YES;
				CLANG_WARN_OBJC_LITERAL_CONVERSION = YES;
				CLANG_WARN_OBJC_ROOT_CLASS = YES_ERROR;
				CLANG_WARN_QUOTED_INCLUDE_IN_FRAMEWORK_HEADER = YES;
				CLANG_WARN_RANGE_LOOP_ANALYSIS = YES;
				CLANG_WARN_STRICT_PROTOTYPES = YES;
				CLANG_WARN_SUSPICIOUS_MOVE = YES;
				CLANG_WARN_UNGUARDED_AVAILABILITY = YES_AGGRESSIVE;
				CLANG_WARN_UNREACHABLE_CODE = YES;
				CLANG_WARN__DUPLICATE_METHOD_MATCH = YES;
				COPY_PHASE_STRIP = NO;
				DEBUG_INFORMATION_FORMAT = "dwarf-with-dsym";
				ENABLE_NS_ASSERTIONS = NO;
				ENABLE_STRICT_OBJC_MSGSEND = YES;
				ENABLE_USER_SCRIPT_SANDBOXING = YES;
				GCC_C_LANGUAGE_STANDARD = gnu17;
				GCC_NO_COMMON_BLOCKS = YES;
				GCC_WARN_64_TO_32_BIT_CONVERSION = YES;
				GCC_WARN_ABOUT_RETURN_TYPE = YES_ERROR;
				GCC_WARN_UNDECLARED_SELECTOR = YES;
				GCC_WARN_UNINITIALIZED_AUTOS = YES_AGGRESSIVE;
				GCC_WARN_UNUSED_FUNCTION = YES;
				GCC_WARN_UNUSED_VARIABLE = YES;
				IPHONEOS_DEPLOYMENT_TARGET = 17.4;
				LOCALIZATION_PREFERS_STRING_CATALOGS = YES;
				MTL_ENABLE_DEBUG_INFO = NO;
				MTL_FAST_MATH = YES;
				SDKROOT = iphoneos;
				SWIFT_COMPILATION_MODE = wholemodule;
				VALIDATE_PRODUCT = YES;
			};
			name = Release;
		};
		501EB9E22BD6C502000F5928 /* Debug */ = {
			isa = XCBuildConfiguration;
			buildSettings = {
				ASSETCATALOG_COMPILER_APPICON_NAME = AppIcon;
				ASSETCATALOG_COMPILER_GLOBAL_ACCENT_COLOR_NAME = AccentColor;
				CODE_SIGN_STYLE = Automatic;
				CURRENT_PROJECT_VERSION = 1;
				DEVELOPMENT_TEAM = F7RWFZ45WK;
				ENABLE_PREVIEWS = YES;
				GENERATE_INFOPLIST_FILE = YES;
				INFOPLIST_FILE = WorldOfPAYBACK/Info.plist;
				INFOPLIST_KEY_UIApplicationSceneManifest_Generation = YES;
				INFOPLIST_KEY_UIApplicationSupportsIndirectInputEvents = YES;
				INFOPLIST_KEY_UILaunchScreen_Generation = YES;
				INFOPLIST_KEY_UISupportedInterfaceOrientations_iPad = "UIInterfaceOrientationPortrait UIInterfaceOrientationPortraitUpsideDown UIInterfaceOrientationLandscapeLeft UIInterfaceOrientationLandscapeRight";
				INFOPLIST_KEY_UISupportedInterfaceOrientations_iPhone = "UIInterfaceOrientationPortrait UIInterfaceOrientationLandscapeLeft UIInterfaceOrientationLandscapeRight";
				IPHONEOS_DEPLOYMENT_TARGET = 17.0;
				LD_RUNPATH_SEARCH_PATHS = (
					"$(inherited)",
					"@executable_path/Frameworks",
				);
				MARKETING_VERSION = 1.0;
				PRODUCT_BUNDLE_IDENTIFIER = com.fawzy.WorldOfPAYBACK;
				PRODUCT_NAME = "$(TARGET_NAME)";
				SUPPORTED_PLATFORMS = "iphoneos iphonesimulator";
				SUPPORTS_MACCATALYST = NO;
				SUPPORTS_MAC_DESIGNED_FOR_IPHONE_IPAD = NO;
				SUPPORTS_XR_DESIGNED_FOR_IPHONE_IPAD = NO;
				SWIFT_EMIT_LOC_STRINGS = YES;
				SWIFT_VERSION = 5.0;
				TARGETED_DEVICE_FAMILY = "1,2";
			};
			name = Debug;
		};
		501EB9E32BD6C502000F5928 /* Release */ = {
			isa = XCBuildConfiguration;
			buildSettings = {
				ASSETCATALOG_COMPILER_APPICON_NAME = AppIcon;
				ASSETCATALOG_COMPILER_GLOBAL_ACCENT_COLOR_NAME = AccentColor;
				CODE_SIGN_STYLE = Automatic;
				CURRENT_PROJECT_VERSION = 1;
				DEVELOPMENT_TEAM = F7RWFZ45WK;
				ENABLE_PREVIEWS = YES;
				GENERATE_INFOPLIST_FILE = YES;
				INFOPLIST_FILE = WorldOfPAYBACK/Info.plist;
				INFOPLIST_KEY_UIApplicationSceneManifest_Generation = YES;
				INFOPLIST_KEY_UIApplicationSupportsIndirectInputEvents = YES;
				INFOPLIST_KEY_UILaunchScreen_Generation = YES;
				INFOPLIST_KEY_UISupportedInterfaceOrientations_iPad = "UIInterfaceOrientationPortrait UIInterfaceOrientationPortraitUpsideDown UIInterfaceOrientationLandscapeLeft UIInterfaceOrientationLandscapeRight";
				INFOPLIST_KEY_UISupportedInterfaceOrientations_iPhone = "UIInterfaceOrientationPortrait UIInterfaceOrientationLandscapeLeft UIInterfaceOrientationLandscapeRight";
				IPHONEOS_DEPLOYMENT_TARGET = 17.0;
				LD_RUNPATH_SEARCH_PATHS = (
					"$(inherited)",
					"@executable_path/Frameworks",
				);
				MARKETING_VERSION = 1.0;
				PRODUCT_BUNDLE_IDENTIFIER = com.fawzy.WorldOfPAYBACK;
				PRODUCT_NAME = "$(TARGET_NAME)";
				SUPPORTED_PLATFORMS = "iphoneos iphonesimulator";
				SUPPORTS_MACCATALYST = NO;
				SUPPORTS_MAC_DESIGNED_FOR_IPHONE_IPAD = NO;
				SUPPORTS_XR_DESIGNED_FOR_IPHONE_IPAD = NO;
				SWIFT_EMIT_LOC_STRINGS = YES;
				SWIFT_VERSION = 5.0;
				TARGETED_DEVICE_FAMILY = "1,2";
			};
			name = Release;
		};
		501EBA172BD6FB88000F5928 /* Debug */ = {
			isa = XCBuildConfiguration;
			buildSettings = {
				BUNDLE_LOADER = "$(TEST_HOST)";
				CODE_SIGN_STYLE = Automatic;
				CURRENT_PROJECT_VERSION = 1;
				DEVELOPMENT_TEAM = F7RWFZ45WK;
				GENERATE_INFOPLIST_FILE = YES;
				MARKETING_VERSION = 1.0;
				PRODUCT_BUNDLE_IDENTIFIER = com.fawzy.WorldOfPAYBACKTests;
				PRODUCT_NAME = "$(TARGET_NAME)";
				SWIFT_EMIT_LOC_STRINGS = NO;
				SWIFT_VERSION = 5.0;
				TARGETED_DEVICE_FAMILY = "1,2";
				TEST_HOST = "$(BUILT_PRODUCTS_DIR)/WorldOfPAYBACK.app/$(BUNDLE_EXECUTABLE_FOLDER_PATH)/WorldOfPAYBACK";
			};
			name = Debug;
		};
		501EBA182BD6FB88000F5928 /* Release */ = {
			isa = XCBuildConfiguration;
			buildSettings = {
				BUNDLE_LOADER = "$(TEST_HOST)";
				CODE_SIGN_STYLE = Automatic;
				CURRENT_PROJECT_VERSION = 1;
				DEVELOPMENT_TEAM = F7RWFZ45WK;
				GENERATE_INFOPLIST_FILE = YES;
				MARKETING_VERSION = 1.0;
				PRODUCT_BUNDLE_IDENTIFIER = com.fawzy.WorldOfPAYBACKTests;
				PRODUCT_NAME = "$(TARGET_NAME)";
				SWIFT_EMIT_LOC_STRINGS = NO;
				SWIFT_VERSION = 5.0;
				TARGETED_DEVICE_FAMILY = "1,2";
				TEST_HOST = "$(BUILT_PRODUCTS_DIR)/WorldOfPAYBACK.app/$(BUNDLE_EXECUTABLE_FOLDER_PATH)/WorldOfPAYBACK";
			};
			name = Release;
		};
/* End XCBuildConfiguration section */

/* Begin XCConfigurationList section */
		501EB9CE2BD6C500000F5928 /* Build configuration list for PBXProject "WorldOfPAYBACK" */ = {
			isa = XCConfigurationList;
			buildConfigurations = (
				501EB9DF2BD6C502000F5928 /* Debug */,
				501EB9E02BD6C502000F5928 /* Release */,
			);
			defaultConfigurationIsVisible = 0;
			defaultConfigurationName = Release;
		};
		501EB9E12BD6C502000F5928 /* Build configuration list for PBXNativeTarget "WorldOfPAYBACK" */ = {
			isa = XCConfigurationList;
			buildConfigurations = (
				501EB9E22BD6C502000F5928 /* Debug */,
				501EB9E32BD6C502000F5928 /* Release */,
			);
			defaultConfigurationIsVisible = 0;
			defaultConfigurationName = Release;
		};
		501EBA162BD6FB88000F5928 /* Build configuration list for PBXNativeTarget "WorldOfPAYBACKTests" */ = {
			isa = XCConfigurationList;
			buildConfigurations = (
				501EBA172BD6FB88000F5928 /* Debug */,
				501EBA182BD6FB88000F5928 /* Release */,
			);
			defaultConfigurationIsVisible = 0;
			defaultConfigurationName = Release;
		};
/* End XCConfigurationList section */
	};
	rootObject = 501EB9CB2BD6C500000F5928 /* Project object */;
}
